
Microsoft Visual Studio Solution File, Format Version 12.00
# Visual Studio 15
VisualStudioVersion = 15.0.26124.0
MinimumVisualStudioVersion = 15.0.26124.0
Project("{9A19103F-16F7-4668-BE54-9A1E7A4F7556}") = "PandasNET", "src\PandasNET\PandasNET.csproj", "{09D77B45-DCE6-4BEA-99E1-FE676EE933A9}"
EndProject
Project("{9A19103F-16F7-4668-BE54-9A1E7A4F7556}") = "PandasNET.UnitTest", "test\PandasNET.UnitTest\PandasNET.UnitTest.csproj", "{A3A9C2CE-6C9C-47C3-8141-30ADF0ABA52E}"
EndProject
Project("{9A19103F-16F7-4668-BE54-9A1E7A4F7556}") = "NumSharp.Core", "..\NumSharp\src\NumSharp.Core\NumSharp.Core.csproj", "{84F9FE8E-9B36-49A0-87F3-40C8C5AE12DF}"
EndProject
Global
	GlobalSection(SolutionConfigurationPlatforms) = preSolution
		Debug|Any CPU = Debug|Any CPU
		Release|Any CPU = Release|Any CPU
	EndGlobalSection
	GlobalSection(ProjectConfigurationPlatforms) = postSolution
		{09D77B45-DCE6-4BEA-99E1-FE676EE933A9}.Debug|Any CPU.ActiveCfg = Debug|Any CPU
		{09D77B45-DCE6-4BEA-99E1-FE676EE933A9}.Debug|Any CPU.Build.0 = Debug|Any CPU
		{09D77B45-DCE6-4BEA-99E1-FE676EE933A9}.Release|Any CPU.ActiveCfg = Release|Any CPU
		{09D77B45-DCE6-4BEA-99E1-FE676EE933A9}.Release|Any CPU.Build.0 = Release|Any CPU
		{A3A9C2CE-6C9C-47C3-8141-30ADF0ABA52E}.Debug|Any CPU.ActiveCfg = Debug|Any CPU
		{A3A9C2CE-6C9C-47C3-8141-30ADF0ABA52E}.Debug|Any CPU.Build.0 = Debug|Any CPU
		{A3A9C2CE-6C9C-47C3-8141-30ADF0ABA52E}.Release|Any CPU.ActiveCfg = Release|Any CPU
		{A3A9C2CE-6C9C-47C3-8141-30ADF0ABA52E}.Release|Any CPU.Build.0 = Release|Any CPU
		{84F9FE8E-9B36-49A0-87F3-40C8C5AE12DF}.Debug|Any CPU.ActiveCfg = Debug|Any CPU
		{84F9FE8E-9B36-49A0-87F3-40C8C5AE12DF}.Debug|Any CPU.Build.0 = Debug|Any CPU
		{84F9FE8E-9B36-49A0-87F3-40C8C5AE12DF}.Release|Any CPU.ActiveCfg = Release|Any CPU
		{84F9FE8E-9B36-49A0-87F3-40C8C5AE12DF}.Release|Any CPU.Build.0 = Release|Any CPU
	EndGlobalSection
	GlobalSection(SolutionProperties) = preSolution
		HideSolutionNode = FALSE
	EndGlobalSection
	GlobalSection(ExtensibilityGlobals) = postSolution
		SolutionGuid = {0F1D60AD-A092-4706-9559-E433A9BCD193}
	EndGlobalSection
EndGlobal
