
Microsoft Visual Studio Solution File, Format Version 12.00
# Visual Studio 15
VisualStudioVersion = 15.0.28010.2050
MinimumVisualStudioVersion = 10.0.40219.1
Project("{9A19103F-16F7-4668-BE54-9A1E7A4F7556}") = "Pandas.NET.Test", "test\Pandas.NET.Test\Pandas.NET.Test.csproj", "{D075CE95-F14C-47D6-A64A-73DFDCF3E80A}"
EndProject
Project("{2150E333-8FDC-42A3-9474-1A3956D46DE8}") = "libs", "libs", "{397A50A6-456B-4EF2-AABC-03A4A8CE5BCE}"
EndProject
Project("{9A19103F-16F7-4668-BE54-9A1E7A4F7556}") = "Pandas.NET", "src\Pandas.NET\Pandas.NET.csproj", "{41658850-1B21-4409-BC35-D0E8A7B73661}"
EndProject
Project("{9A19103F-16F7-4668-BE54-9A1E7A4F7556}") = "NumSharp.Core", "src\NumSharp.Core\src\NumSharp.Core\NumSharp.Core.csproj", "{30301B04-C061-4B63-A33C-5BA66D8501EE}"
EndProject
Global
	GlobalSection(SolutionConfigurationPlatforms) = preSolution
		Debug|Any CPU = Debug|Any CPU
		Release|Any CPU = Release|Any CPU
	EndGlobalSection
	GlobalSection(ProjectConfigurationPlatforms) = postSolution
		{D075CE95-F14C-47D6-A64A-73DFDCF3E80A}.Debug|Any CPU.ActiveCfg = Debug|Any CPU
		{D075CE95-F14C-47D6-A64A-73DFDCF3E80A}.Debug|Any CPU.Build.0 = Debug|Any CPU
		{D075CE95-F14C-47D6-A64A-73DFDCF3E80A}.Release|Any CPU.ActiveCfg = Release|Any CPU
		{D075CE95-F14C-47D6-A64A-73DFDCF3E80A}.Release|Any CPU.Build.0 = Release|Any CPU
		{41658850-1B21-4409-BC35-D0E8A7B73661}.Debug|Any CPU.ActiveCfg = Debug|Any CPU
		{41658850-1B21-4409-BC35-D0E8A7B73661}.Debug|Any CPU.Build.0 = Debug|Any CPU
		{41658850-1B21-4409-BC35-D0E8A7B73661}.Release|Any CPU.ActiveCfg = Release|Any CPU
		{41658850-1B21-4409-BC35-D0E8A7B73661}.Release|Any CPU.Build.0 = Release|Any CPU
		{30301B04-C061-4B63-A33C-5BA66D8501EE}.Debug|Any CPU.ActiveCfg = Debug|Any CPU
		{30301B04-C061-4B63-A33C-5BA66D8501EE}.Debug|Any CPU.Build.0 = Debug|Any CPU
		{30301B04-C061-4B63-A33C-5BA66D8501EE}.Release|Any CPU.ActiveCfg = Release|Any CPU
		{30301B04-C061-4B63-A33C-5BA66D8501EE}.Release|Any CPU.Build.0 = Release|Any CPU
	EndGlobalSection
	GlobalSection(SolutionProperties) = preSolution
		HideSolutionNode = FALSE
	EndGlobalSection
	GlobalSection(NestedProjects) = preSolution
		{30301B04-C061-4B63-A33C-5BA66D8501EE} = {397A50A6-456B-4EF2-AABC-03A4A8CE5BCE}
	EndGlobalSection
	GlobalSection(ExtensibilityGlobals) = postSolution
		SolutionGuid = {D6326D52-F6B8-4EDC-AF3D-36766F57C9E9}
	EndGlobalSection
EndGlobal
