
Microsoft Visual Studio Solution File, Format Version 12.00
# Visual Studio 15
VisualStudioVersion = 15.0.28010.2003
MinimumVisualStudioVersion = 10.0.40219.1
Project("{9A19103F-16F7-4668-BE54-9A1E7A4F7556}") = "PandasNET", "PandasNET\PandasNET.csproj", "{DE7BC730-FF8B-45CD-B9D8-05AD47B6547F}"
EndProject
Project("{FAE04EC0-301F-11D3-BF4B-00C04F79EFBC}") = "PandasNET.UnitTest", "..\test\PandasNET.UnitTest\PandasNET.UnitTest.csproj", "{FA356A83-7A6E-496B-B6BB-DB1B396B4ACE}"
EndProject
Project("{9A19103F-16F7-4668-BE54-9A1E7A4F7556}") = "NumSharp", "..\..\NumSharp\src\NumSharp\NumSharp.csproj", "{4AFF4B26-CEC2-4240-8606-172159B77F54}"
EndProject
Global
	GlobalSection(SolutionConfigurationPlatforms) = preSolution
		Debug|Any CPU = Debug|Any CPU
		Release|Any CPU = Release|Any CPU
	EndGlobalSection
	GlobalSection(ProjectConfigurationPlatforms) = postSolution
		{DE7BC730-FF8B-45CD-B9D8-05AD47B6547F}.Debug|Any CPU.ActiveCfg = Debug|Any CPU
		{DE7BC730-FF8B-45CD-B9D8-05AD47B6547F}.Debug|Any CPU.Build.0 = Debug|Any CPU
		{DE7BC730-FF8B-45CD-B9D8-05AD47B6547F}.Release|Any CPU.ActiveCfg = Release|Any CPU
		{DE7BC730-FF8B-45CD-B9D8-05AD47B6547F}.Release|Any CPU.Build.0 = Release|Any CPU
		{FA356A83-7A6E-496B-B6BB-DB1B396B4ACE}.Debug|Any CPU.ActiveCfg = Debug|Any CPU
		{FA356A83-7A6E-496B-B6BB-DB1B396B4ACE}.Debug|Any CPU.Build.0 = Debug|Any CPU
		{FA356A83-7A6E-496B-B6BB-DB1B396B4ACE}.Release|Any CPU.ActiveCfg = Release|Any CPU
		{FA356A83-7A6E-496B-B6BB-DB1B396B4ACE}.Release|Any CPU.Build.0 = Release|Any CPU
		{4AFF4B26-CEC2-4240-8606-172159B77F54}.Debug|Any CPU.ActiveCfg = Debug|Any CPU
		{4AFF4B26-CEC2-4240-8606-172159B77F54}.Debug|Any CPU.Build.0 = Debug|Any CPU
		{4AFF4B26-CEC2-4240-8606-172159B77F54}.Release|Any CPU.ActiveCfg = Release|Any CPU
		{4AFF4B26-CEC2-4240-8606-172159B77F54}.Release|Any CPU.Build.0 = Release|Any CPU
	EndGlobalSection
	GlobalSection(SolutionProperties) = preSolution
		HideSolutionNode = FALSE
	EndGlobalSection
	GlobalSection(ExtensibilityGlobals) = postSolution
		SolutionGuid = {DE541E91-8BBE-4170-B59E-E24EEEAADB8C}
	EndGlobalSection
EndGlobal
